
Microsoft Visual Studio Solution File, Format Version 12.00
# Visual Studio Version 16
VisualStudioVersion = 16.0.29209.152
MinimumVisualStudioVersion = 10.0.40219.1
Project("{9A19103F-16F7-4668-BE54-9A1E7A4F7556}") = "Domain", "Domain\Domain.csproj", "{11D5AA4E-AB3E-4344-B94D-1B98C9E388FE}"
EndProject
Project("{9A19103F-16F7-4668-BE54-9A1E7A4F7556}") = "Tests", "Tests\Tests.csproj", "{A126F2E8-DE96-4574-9C9A-35DA1529AEA3}"
EndProject
Project("{9A19103F-16F7-4668-BE54-9A1E7A4F7556}") = "CashWithdrawal", "CashWithdrawal\CashWithdrawal.csproj", "{E1E6B8E5-A716-4071-8543-F659FE67B26C}"
EndProject
Global
	GlobalSection(SolutionConfigurationPlatforms) = preSolution
		Debug|Any CPU = Debug|Any CPU
		Release|Any CPU = Release|Any CPU
	EndGlobalSection
	GlobalSection(ProjectConfigurationPlatforms) = postSolution
		{11D5AA4E-AB3E-4344-B94D-1B98C9E388FE}.Debug|Any CPU.ActiveCfg = Debug|Any CPU
		{11D5AA4E-AB3E-4344-B94D-1B98C9E388FE}.Debug|Any CPU.Build.0 = Debug|Any CPU
		{11D5AA4E-AB3E-4344-B94D-1B98C9E388FE}.Release|Any CPU.ActiveCfg = Release|Any CPU
		{11D5AA4E-AB3E-4344-B94D-1B98C9E388FE}.Release|Any CPU.Build.0 = Release|Any CPU
		{A126F2E8-DE96-4574-9C9A-35DA1529AEA3}.Debug|Any CPU.ActiveCfg = Debug|Any CPU
		{A126F2E8-DE96-4574-9C9A-35DA1529AEA3}.Debug|Any CPU.Build.0 = Debug|Any CPU
		{A126F2E8-DE96-4574-9C9A-35DA1529AEA3}.Release|Any CPU.ActiveCfg = Release|Any CPU
		{A126F2E8-DE96-4574-9C9A-35DA1529AEA3}.Release|Any CPU.Build.0 = Release|Any CPU
		{E1E6B8E5-A716-4071-8543-F659FE67B26C}.Debug|Any CPU.ActiveCfg = Debug|Any CPU
		{E1E6B8E5-A716-4071-8543-F659FE67B26C}.Debug|Any CPU.Build.0 = Debug|Any CPU
		{E1E6B8E5-A716-4071-8543-F659FE67B26C}.Release|Any CPU.ActiveCfg = Release|Any CPU
		{E1E6B8E5-A716-4071-8543-F659FE67B26C}.Release|Any CPU.Build.0 = Release|Any CPU
	EndGlobalSection
	GlobalSection(SolutionProperties) = preSolution
		HideSolutionNode = FALSE
	EndGlobalSection
	GlobalSection(ExtensibilityGlobals) = postSolution
		SolutionGuid = {53F3D41B-359A-4B4E-9BAC-5F65C2D14728}
	EndGlobalSection
EndGlobal
